// !$*UTF8*$!
{
	archiveVersion = 1;
	classes = {
	};
	objectVersion = 46;
	objects = {

/* Begin PBXBuildFile section */
		EAB93B8C1A4E59100016133B /* main.m in Sources */ = {isa = PBXBuildFile; fileRef = EAB93B8B1A4E59100016133B /* main.m */; };
		EAB93B8F1A4E59100016133B /* AppDelegate.m in Sources */ = {isa = PBXBuildFile; fileRef = EAB93B8E1A4E59100016133B /* AppDelegate.m */; };
		EAB93B921A4E59100016133B /* ViewController.m in Sources */ = {isa = PBXBuildFile; fileRef = EAB93B911A4E59100016133B /* ViewController.m */; };
		EAB93B951A4E59100016133B /* Main.storyboard in Resources */ = {isa = PBXBuildFile; fileRef = EAB93B931A4E59100016133B /* Main.storyboard */; };
		EAB93B971A4E59100016133B /* Images.xcassets in Resources */ = {isa = PBXBuildFile; fileRef = EAB93B961A4E59100016133B /* Images.xcassets */; };
		EAB93B9A1A4E59100016133B /* LaunchScreen.xib in Resources */ = {isa = PBXBuildFile; fileRef = EAB93B981A4E59100016133B /* LaunchScreen.xib */; };
		EAB93BA61A4E59100016133B /* BMI_CalculatorTests.m in Sources */ = {isa = PBXBuildFile; fileRef = EAB93BA51A4E59100016133B /* BMI_CalculatorTests.m */; };
/* End PBXBuildFile section */

/* Begin PBXContainerItemProxy section */
		EAB93BA01A4E59100016133B /* PBXContainerItemProxy */ = {
			isa = PBXContainerItemProxy;
			containerPortal = EAB93B7E1A4E590F0016133B /* Project object */;
			proxyType = 1;
			remoteGlobalIDString = EAB93B851A4E59100016133B;
			remoteInfo = "BMI Calculator";
		};
/* End PBXContainerItemProxy section */

/* Begin PBXFileReference section */
		EAB93B861A4E59100016133B /* BMI Calculator.app */ = {isa = PBXFileReference; explicitFileType = wrapper.application; includeInIndex = 0; path = "BMI Calculator.app"; sourceTree = BUILT_PRODUCTS_DIR; };
		EAB93B8A1A4E59100016133B /* Info.plist */ = {isa = PBXFileReference; lastKnownFileType = text.plist.xml; path = Info.plist; sourceTree = "<group>"; };
		EAB93B8B1A4E59100016133B /* main.m */ = {isa = PBXFileReference; lastKnownFileType = sourcecode.c.objc; path = main.m; sourceTree = "<group>"; };
		EAB93B8D1A4E59100016133B /* AppDelegate.h */ = {isa = PBXFileReference; lastKnownFileType = sourcecode.c.h; path = AppDelegate.h; sourceTree = "<group>"; };
		EAB93B8E1A4E59100016133B /* AppDelegate.m */ = {isa = PBXFileReference; lastKnownFileType = sourcecode.c.objc; path = AppDelegate.m; sourceTree = "<group>"; };
		EAB93B901A4E59100016133B /* ViewController.h */ = {isa = PBXFileReference; lastKnownFileType = sourcecode.c.h; path = ViewController.h; sourceTree = "<group>"; };
		EAB93B911A4E59100016133B /* ViewController.m */ = {isa = PBXFileReference; lastKnownFileType = sourcecode.c.objc; path = ViewController.m; sourceTree = "<group>"; };
		EAB93B941A4E59100016133B /* Base */ = {isa = PBXFileReference; lastKnownFileType = file.storyboard; name = Base; path = Base.lproj/Main.storyboard; sourceTree = "<group>"; };
		EAB93B961A4E59100016133B /* Images.xcassets */ = {isa = PBXFileReference; lastKnownFileType = folder.assetcatalog; path = Images.xcassets; sourceTree = "<group>"; };
		EAB93B991A4E59100016133B /* Base */ = {isa = PBXFileReference; lastKnownFileType = file.xib; name = Base; path = Base.lproj/LaunchScreen.xib; sourceTree = "<group>"; };
		EAB93B9F1A4E59100016133B /* BMI CalculatorTests.xctest */ = {isa = PBXFileReference; explicitFileType = wrapper.cfbundle; includeInIndex = 0; path = "BMI CalculatorTests.xctest"; sourceTree = BUILT_PRODUCTS_DIR; };
		EAB93BA41A4E59100016133B /* Info.plist */ = {isa = PBXFileReference; lastKnownFileType = text.plist.xml; path = Info.plist; sourceTree = "<group>"; };
		EAB93BA51A4E59100016133B /* BMI_CalculatorTests.m */ = {isa = PBXFileReference; lastKnownFileType = sourcecode.c.objc; path = BMI_CalculatorTests.m; sourceTree = "<group>"; };
/* End PBXFileReference section */

/* Begin PBXFrameworksBuildPhase section */
		EAB93B831A4E59100016133B /* Frameworks */ = {
			isa = PBXFrameworksBuildPhase;
			buildActionMask = 2147483647;
			files = (
			);
			runOnlyForDeploymentPostprocessing = 0;
		};
		EAB93B9C1A4E59100016133B /* Frameworks */ = {
			isa = PBXFrameworksBuildPhase;
			buildActionMask = 2147483647;
			files = (
			);
			runOnlyForDeploymentPostprocessing = 0;
		};
/* End PBXFrameworksBuildPhase section */

/* Begin PBXGroup section */
		EAB93B7D1A4E590F0016133B = {
			isa = PBXGroup;
			children = (
				EAB93B881A4E59100016133B /* BMI Calculator */,
				EAB93BA21A4E59100016133B /* BMI CalculatorTests */,
				EAB93B871A4E59100016133B /* Products */,
			);
			sourceTree = "<group>";
		};
		EAB93B871A4E59100016133B /* Products */ = {
			isa = PBXGroup;
			children = (
				EAB93B861A4E59100016133B /* BMI Calculator.app */,
				EAB93B9F1A4E59100016133B /* BMI CalculatorTests.xctest */,
			);
			name = Products;
			sourceTree = "<group>";
		};
		EAB93B881A4E59100016133B /* BMI Calculator */ = {
			isa = PBXGroup;
			children = (
				EAB93B8D1A4E59100016133B /* AppDelegate.h */,
				EAB93B8E1A4E59100016133B /* AppDelegate.m */,
				EAB93B901A4E59100016133B /* ViewController.h */,
				EAB93B911A4E59100016133B /* ViewController.m */,
				EAB93B931A4E59100016133B /* Main.storyboard */,
				EAB93B961A4E59100016133B /* Images.xcassets */,
				EAB93B981A4E59100016133B /* LaunchScreen.xib */,
				EAB93B891A4E59100016133B /* Supporting Files */,
			);
			path = "BMI Calculator";
			sourceTree = "<group>";
		};
		EAB93B891A4E59100016133B /* Supporting Files */ = {
			isa = PBXGroup;
			children = (
				EAB93B8A1A4E59100016133B /* Info.plist */,
				EAB93B8B1A4E59100016133B /* main.m */,
			);
			name = "Supporting Files";
			sourceTree = "<group>";
		};
		EAB93BA21A4E59100016133B /* BMI CalculatorTests */ = {
			isa = PBXGroup;
			children = (
				EAB93BA51A4E59100016133B /* BMI_CalculatorTests.m */,
				EAB93BA31A4E59100016133B /* Supporting Files */,
			);
			path = "BMI CalculatorTests";
			sourceTree = "<group>";
		};
		EAB93BA31A4E59100016133B /* Supporting Files */ = {
			isa = PBXGroup;
			children = (
				EAB93BA41A4E59100016133B /* Info.plist */,
			);
			name = "Supporting Files";
			sourceTree = "<group>";
		};
/* End PBXGroup section */

/* Begin PBXNativeTarget section */
		EAB93B851A4E59100016133B /* BMI Calculator */ = {
			isa = PBXNativeTarget;
			buildConfigurationList = EAB93BA91A4E59100016133B /* Build configuration list for PBXNativeTarget "BMI Calculator" */;
			buildPhases = (
				EAB93B821A4E59100016133B /* Sources */,
				EAB93B831A4E59100016133B /* Frameworks */,
				EAB93B841A4E59100016133B /* Resources */,
			);
			buildRules = (
			);
			dependencies = (
			);
			name = "BMI Calculator";
			productName = "BMI Calculator";
			productReference = EAB93B861A4E59100016133B /* BMI Calculator.app */;
			productType = "com.apple.product-type.application";
		};
		EAB93B9E1A4E59100016133B /* BMI CalculatorTests */ = {
			isa = PBXNativeTarget;
			buildConfigurationList = EAB93BAC1A4E59100016133B /* Build configuration list for PBXNativeTarget "BMI CalculatorTests" */;
			buildPhases = (
				EAB93B9B1A4E59100016133B /* Sources */,
				EAB93B9C1A4E59100016133B /* Frameworks */,
				EAB93B9D1A4E59100016133B /* Resources */,
			);
			buildRules = (
			);
			dependencies = (
				EAB93BA11A4E59100016133B /* PBXTargetDependency */,
			);
			name = "BMI CalculatorTests";
			productName = "BMI CalculatorTests";
			productReference = EAB93B9F1A4E59100016133B /* BMI CalculatorTests.xctest */;
			productType = "com.apple.product-type.bundle.unit-test";
		};
/* End PBXNativeTarget section */

/* Begin PBXProject section */
		EAB93B7E1A4E590F0016133B /* Project object */ = {
			isa = PBXProject;
			attributes = {
				LastUpgradeCheck = 0610;
				ORGANIZATIONNAME = DevMountain;
				TargetAttributes = {
					EAB93B851A4E59100016133B = {
						CreatedOnToolsVersion = 6.1.1;
					};
					EAB93B9E1A4E59100016133B = {
						CreatedOnToolsVersion = 6.1.1;
						TestTargetID = EAB93B851A4E59100016133B;
					};
				};
			};
			buildConfigurationList = EAB93B811A4E590F0016133B /* Build configuration list for PBXProject "BMI Calculator" */;
			compatibilityVersion = "Xcode 3.2";
			developmentRegion = English;
			hasScannedForEncodings = 0;
			knownRegions = (
				en,
				Base,
			);
			mainGroup = EAB93B7D1A4E590F0016133B;
			productRefGroup = EAB93B871A4E59100016133B /* Products */;
			projectDirPath = "";
			projectRoot = "";
			targets = (
				EAB93B851A4E59100016133B /* BMI Calculator */,
				EAB93B9E1A4E59100016133B /* BMI CalculatorTests */,
			);
		};
/* End PBXProject section */

/* Begin PBXResourcesBuildPhase section */
		EAB93B841A4E59100016133B /* Resources */ = {
			isa = PBXResourcesBuildPhase;
			buildActionMask = 2147483647;
			files = (
				EAB93B951A4E59100016133B /* Main.storyboard in Resources */,
				EAB93B9A1A4E59100016133B /* LaunchScreen.xib in Resources */,
				EAB93B971A4E59100016133B /* Images.xcassets in Resources */,
			);
			runOnlyForDeploymentPostprocessing = 0;
		};
		EAB93B9D1A4E59100016133B /* Resources */ = {
			isa = PBXResourcesBuildPhase;
			buildActionMask = 2147483647;
			files = (
			);
			runOnlyForDeploymentPostprocessing = 0;
		};
/* End PBXResourcesBuildPhase section */

/* Begin PBXSourcesBuildPhase section */
		EAB93B821A4E59100016133B /* Sources */ = {
			isa = PBXSourcesBuildPhase;
			buildActionMask = 2147483647;
			files = (
				EAB93B921A4E59100016133B /* ViewController.m in Sources */,
				EAB93B8F1A4E59100016133B /* AppDelegate.m in Sources */,
				EAB93B8C1A4E59100016133B /* main.m in Sources */,
			);
			runOnlyForDeploymentPostprocessing = 0;
		};
		EAB93B9B1A4E59100016133B /* Sources */ = {
			isa = PBXSourcesBuildPhase;
			buildActionMask = 2147483647;
			files = (
				EAB93BA61A4E59100016133B /* BMI_CalculatorTests.m in Sources */,
			);
			runOnlyForDeploymentPostprocessing = 0;
		};
/* End PBXSourcesBuildPhase section */

/* Begin PBXTargetDependency section */
		EAB93BA11A4E59100016133B /* PBXTargetDependency */ = {
			isa = PBXTargetDependency;
			target = EAB93B851A4E59100016133B /* BMI Calculator */;
			targetProxy = EAB93BA01A4E59100016133B /* PBXContainerItemProxy */;
		};
/* End PBXTargetDependency section */

/* Begin PBXVariantGroup section */
		EAB93B931A4E59100016133B /* Main.storyboard */ = {
			isa = PBXVariantGroup;
			children = (
				EAB93B941A4E59100016133B /* Base */,
			);
			name = Main.storyboard;
			sourceTree = "<group>";
		};
		EAB93B981A4E59100016133B /* LaunchScreen.xib */ = {
			isa = PBXVariantGroup;
			children = (
				EAB93B991A4E59100016133B /* Base */,
			);
			name = LaunchScreen.xib;
			sourceTree = "<group>";
		};
/* End PBXVariantGroup section */

/* Begin XCBuildConfiguration section */
		EAB93BA71A4E59100016133B /* Debug */ = {
			isa = XCBuildConfiguration;
			buildSettings = {
				ALWAYS_SEARCH_USER_PATHS = NO;
				CLANG_CXX_LANGUAGE_STANDARD = "gnu++0x";
				CLANG_CXX_LIBRARY = "libc++";
				CLANG_ENABLE_MODULES = YES;
				CLANG_ENABLE_OBJC_ARC = YES;
				CLANG_WARN_BOOL_CONVERSION = YES;
				CLANG_WARN_CONSTANT_CONVERSION = YES;
				CLANG_WARN_DIRECT_OBJC_ISA_USAGE = YES_ERROR;
				CLANG_WARN_EMPTY_BODY = YES;
				CLANG_WARN_ENUM_CONVERSION = YES;
				CLANG_WARN_INT_CONVERSION = YES;
				CLANG_WARN_OBJC_ROOT_CLASS = YES_ERROR;
				CLANG_WARN_UNREACHABLE_CODE = YES;
				CLANG_WARN__DUPLICATE_METHOD_MATCH = YES;
				"CODE_SIGN_IDENTITY[sdk=iphoneos*]" = "iPhone Developer";
				COPY_PHASE_STRIP = NO;
				ENABLE_STRICT_OBJC_MSGSEND = YES;
				GCC_C_LANGUAGE_STANDARD = gnu99;
				GCC_DYNAMIC_NO_PIC = NO;
				GCC_OPTIMIZATION_LEVEL = 0;
				GCC_PREPROCESSOR_DEFINITIONS = (
					"DEBUG=1",
					"$(inherited)",
				);
				GCC_SYMBOLS_PRIVATE_EXTERN = NO;
				GCC_WARN_64_TO_32_BIT_CONVERSION = YES;
				GCC_WARN_ABOUT_RETURN_TYPE = YES_ERROR;
				GCC_WARN_UNDECLARED_SELECTOR = YES;
				GCC_WARN_UNINITIALIZED_AUTOS = YES_AGGRESSIVE;
				GCC_WARN_UNUSED_FUNCTION = YES;
				GCC_WARN_UNUSED_VARIABLE = YES;
				IPHONEOS_DEPLOYMENT_TARGET = 8.1;
				MTL_ENABLE_DEBUG_INFO = YES;
				ONLY_ACTIVE_ARCH = YES;
				SDKROOT = iphoneos;
			};
			name = Debug;
		};
		EAB93BA81A4E59100016133B /* Release */ = {
			isa = XCBuildConfiguration;
			buildSettings = {
				ALWAYS_SEARCH_USER_PATHS = NO;
				CLANG_CXX_LANGUAGE_STANDARD = "gnu++0x";
				CLANG_CXX_LIBRARY = "libc++";
				CLANG_ENABLE_MODULES = YES;
				CLANG_ENABLE_OBJC_ARC = YES;
				CLANG_WARN_BOOL_CONVERSION = YES;
				CLANG_WARN_CONSTANT_CONVERSION = YES;
				CLANG_WARN_DIRECT_OBJC_ISA_USAGE = YES_ERROR;
				CLANG_WARN_EMPTY_BODY = YES;
				CLANG_WARN_ENUM_CONVERSION = YES;
				CLANG_WARN_INT_CONVERSION = YES;
				CLANG_WARN_OBJC_ROOT_CLASS = YES_ERROR;
				CLANG_WARN_UNREACHABLE_CODE = YES;
				CLANG_WARN__DUPLICATE_METHOD_MATCH = YES;
				"CODE_SIGN_IDENTITY[sdk=iphoneos*]" = "iPhone Developer";
				COPY_PHASE_STRIP = YES;
				ENABLE_NS_ASSERTIONS = NO;
				ENABLE_STRICT_OBJC_MSGSEND = YES;
				GCC_C_LANGUAGE_STANDARD = gnu99;
				GCC_WARN_64_TO_32_BIT_CONVERSION = YES;
				GCC_WARN_ABOUT_RETURN_TYPE = YES_ERROR;
				GCC_WARN_UNDECLARED_SELECTOR = YES;
				GCC_WARN_UNINITIALIZED_AUTOS = YES_AGGRESSIVE;
				GCC_WARN_UNUSED_FUNCTION = YES;
				GCC_WARN_UNUSED_VARIABLE = YES;
				IPHONEOS_DEPLOYMENT_TARGET = 8.1;
				MTL_ENABLE_DEBUG_INFO = NO;
				SDKROOT = iphoneos;
				VALIDATE_PRODUCT = YES;
			};
			name = Release;
		};
		EAB93BAA1A4E59100016133B /* Debug */ = {
			isa = XCBuildConfiguration;
			buildSettings = {
				ASSETCATALOG_COMPILER_APPICON_NAME = AppIcon;
				INFOPLIST_FILE = "BMI Calculator/Info.plist";
				LD_RUNPATH_SEARCH_PATHS = "$(inherited) @executable_path/Frameworks";
				PRODUCT_NAME = "$(TARGET_NAME)";
			};
			name = Debug;
		};
		EAB93BAB1A4E59100016133B /* Release */ = {
			isa = XCBuildConfiguration;
			buildSettings = {
				ASSETCATALOG_COMPILER_APPICON_NAME = AppIcon;
				INFOPLIST_FILE = "BMI Calculator/Info.plist";
				LD_RUNPATH_SEARCH_PATHS = "$(inherited) @executable_path/Frameworks";
				PRODUCT_NAME = "$(TARGET_NAME)";
			};
			name = Release;
		};
		EAB93BAD1A4E59100016133B /* Debug */ = {
			isa = XCBuildConfiguration;
			buildSettings = {
				BUNDLE_LOADER = "$(TEST_HOST)";
				FRAMEWORK_SEARCH_PATHS = (
					"$(SDKROOT)/Developer/Library/Frameworks",
					"$(inherited)",
				);
				GCC_PREPROCESSOR_DEFINITIONS = (
					"DEBUG=1",
					"$(inherited)",
				);
				INFOPLIST_FILE = "BMI CalculatorTests/Info.plist";
				LD_RUNPATH_SEARCH_PATHS = "$(inherited) @executable_path/Frameworks @loader_path/Frameworks";
				PRODUCT_NAME = "$(TARGET_NAME)";
				TEST_HOST = "$(BUILT_PRODUCTS_DIR)/BMI Calculator.app/BMI Calculator";
			};
			name = Debug;
		};
		EAB93BAE1A4E59100016133B /* Release */ = {
			isa = XCBuildConfiguration;
			buildSettings = {
				BUNDLE_LOADER = "$(TEST_HOST)";
				FRAMEWORK_SEARCH_PATHS = (
					"$(SDKROOT)/Developer/Library/Frameworks",
					"$(inherited)",
				);
				INFOPLIST_FILE = "BMI CalculatorTests/Info.plist";
				LD_RUNPATH_SEARCH_PATHS = "$(inherited) @executable_path/Frameworks @loader_path/Frameworks";
				PRODUCT_NAME = "$(TARGET_NAME)";
				TEST_HOST = "$(BUILT_PRODUCTS_DIR)/BMI Calculator.app/BMI Calculator";
			};
			name = Release;
		};
/* End XCBuildConfiguration section */

/* Begin XCConfigurationList section */
		EAB93B811A4E590F0016133B /* Build configuration list for PBXProject "BMI Calculator" */ = {
			isa = XCConfigurationList;
			buildConfigurations = (
				EAB93BA71A4E59100016133B /* Debug */,
				EAB93BA81A4E59100016133B /* Release */,
			);
			defaultConfigurationIsVisible = 0;
			defaultConfigurationName = Release;
		};
		EAB93BA91A4E59100016133B /* Build configuration list for PBXNativeTarget "BMI Calculator" */ = {
			isa = XCConfigurationList;
			buildConfigurations = (
				EAB93BAA1A4E59100016133B /* Debug */,
				EAB93BAB1A4E59100016133B /* Release */,
			);
			defaultConfigurationIsVisible = 0;
		};
		EAB93BAC1A4E59100016133B /* Build configuration list for PBXNativeTarget "BMI CalculatorTests" */ = {
			isa = XCConfigurationList;
			buildConfigurations = (
				EAB93BAD1A4E59100016133B /* Debug */,
				EAB93BAE1A4E59100016133B /* Release */,
			);
			defaultConfigurationIsVisible = 0;
		};
/* End XCConfigurationList section */
	};
	rootObject = EAB93B7E1A4E590F0016133B /* Project object */;
}
